// !$*UTF8*$!
{
	archiveVersion = 1;
	classes = {
	};
	objectVersion = 46;
	objects = {

/* Begin PBXBuildFile section */
		DC12AFB31EB549B900DC60B6 /* AppDelegate.swift in Sources */ = {isa = PBXBuildFile; fileRef = DC12AFB21EB549B900DC60B6 /* AppDelegate.swift */; };
		DC12AFB51EB549B900DC60B6 /* FirstViewController.swift in Sources */ = {isa = PBXBuildFile; fileRef = DC12AFB41EB549B900DC60B6 /* FirstViewController.swift */; };
		DC12AFB71EB549B900DC60B6 /* SecondViewController.swift in Sources */ = {isa = PBXBuildFile; fileRef = DC12AFB61EB549B900DC60B6 /* SecondViewController.swift */; };
		DC12AFBA1EB549B900DC60B6 /* Main.storyboard in Resources */ = {isa = PBXBuildFile; fileRef = DC12AFB81EB549B900DC60B6 /* Main.storyboard */; };
		DC12AFBC1EB549B900DC60B6 /* Assets.xcassets in Resources */ = {isa = PBXBuildFile; fileRef = DC12AFBB1EB549B900DC60B6 /* Assets.xcassets */; };
		DC12AFBF1EB549B900DC60B6 /* LaunchScreen.storyboard in Resources */ = {isa = PBXBuildFile; fileRef = DC12AFBD1EB549B900DC60B6 /* LaunchScreen.storyboard */; };
		DC12AFCA1EB549B900DC60B6 /* CommutrTests.swift in Sources */ = {isa = PBXBuildFile; fileRef = DC12AFC91EB549B900DC60B6 /* CommutrTests.swift */; };
		DC12AFD51EB549B900DC60B6 /* CommutrUITests.swift in Sources */ = {isa = PBXBuildFile; fileRef = DC12AFD41EB549B900DC60B6 /* CommutrUITests.swift */; };
		DC12AFE51EB5590500DC60B6 /* CommutrResources.swift in Sources */ = {isa = PBXBuildFile; fileRef = DC12AFE41EB5590500DC60B6 /* CommutrResources.swift */; };
		DC12AFE71EB5728C00DC60B6 /* AddViewController.swift in Sources */ = {isa = PBXBuildFile; fileRef = DC12AFE61EB5728C00DC60B6 /* AddViewController.swift */; };
		DC12AFE91EB644A000DC60B6 /* PickTimeSubView.xib in Resources */ = {isa = PBXBuildFile; fileRef = DC12AFE81EB644A000DC60B6 /* PickTimeSubView.xib */; };
		DC12AFEB1EB644DF00DC60B6 /* PickTimeSubView.swift in Sources */ = {isa = PBXBuildFile; fileRef = DC12AFEA1EB644DF00DC60B6 /* PickTimeSubView.swift */; };
		DC12AFEE1EB66FD300DC60B6 /* Extensions.swift in Sources */ = {isa = PBXBuildFile; fileRef = DC12AFED1EB66FD300DC60B6 /* Extensions.swift */; };
		DC12AFF41EB6A9F800DC60B6 /* MapSubView.xib in Resources */ = {isa = PBXBuildFile; fileRef = DC12AFF31EB6A9F800DC60B6 /* MapSubView.xib */; };
		DC12AFF61EB6AA1100DC60B6 /* MapSubView.swift in Sources */ = {isa = PBXBuildFile; fileRef = DC12AFF51EB6AA1100DC60B6 /* MapSubView.swift */; };
		DC12AFF91EB6B25000DC60B6 /* MapKit.framework in Frameworks */ = {isa = PBXBuildFile; fileRef = DC12AFF81EB6B25000DC60B6 /* MapKit.framework */; };
		DC12AFFB1EB6B40100DC60B6 /* MapDirectionsController.swift in Sources */ = {isa = PBXBuildFile; fileRef = DC12AFFA1EB6B40100DC60B6 /* MapDirectionsController.swift */; };
/* End PBXBuildFile section */

/* Begin PBXContainerItemProxy section */
		DC12AFC61EB549B900DC60B6 /* PBXContainerItemProxy */ = {
			isa = PBXContainerItemProxy;
			containerPortal = DC12AFA71EB549B900DC60B6 /* Project object */;
			proxyType = 1;
			remoteGlobalIDString = DC12AFAE1EB549B900DC60B6;
			remoteInfo = Commutr;
		};
		DC12AFD11EB549B900DC60B6 /* PBXContainerItemProxy */ = {
			isa = PBXContainerItemProxy;
			containerPortal = DC12AFA71EB549B900DC60B6 /* Project object */;
			proxyType = 1;
			remoteGlobalIDString = DC12AFAE1EB549B900DC60B6;
			remoteInfo = Commutr;
		};
/* End PBXContainerItemProxy section */

/* Begin PBXFileReference section */
		DC12AFAF1EB549B900DC60B6 /* Commutr.app */ = {isa = PBXFileReference; explicitFileType = wrapper.application; includeInIndex = 0; path = Commutr.app; sourceTree = BUILT_PRODUCTS_DIR; };
		DC12AFB21EB549B900DC60B6 /* AppDelegate.swift */ = {isa = PBXFileReference; lastKnownFileType = sourcecode.swift; path = AppDelegate.swift; sourceTree = "<group>"; };
		DC12AFB41EB549B900DC60B6 /* FirstViewController.swift */ = {isa = PBXFileReference; lastKnownFileType = sourcecode.swift; path = FirstViewController.swift; sourceTree = "<group>"; };
		DC12AFB61EB549B900DC60B6 /* SecondViewController.swift */ = {isa = PBXFileReference; lastKnownFileType = sourcecode.swift; path = SecondViewController.swift; sourceTree = "<group>"; };
		DC12AFB91EB549B900DC60B6 /* Base */ = {isa = PBXFileReference; lastKnownFileType = file.storyboard; name = Base; path = Base.lproj/Main.storyboard; sourceTree = "<group>"; };
		DC12AFBB1EB549B900DC60B6 /* Assets.xcassets */ = {isa = PBXFileReference; lastKnownFileType = folder.assetcatalog; path = Assets.xcassets; sourceTree = "<group>"; };
		DC12AFBE1EB549B900DC60B6 /* Base */ = {isa = PBXFileReference; lastKnownFileType = file.storyboard; name = Base; path = Base.lproj/LaunchScreen.storyboard; sourceTree = "<group>"; };
		DC12AFC01EB549B900DC60B6 /* Info.plist */ = {isa = PBXFileReference; lastKnownFileType = text.plist.xml; path = Info.plist; sourceTree = "<group>"; };
		DC12AFC51EB549B900DC60B6 /* CommutrTests.xctest */ = {isa = PBXFileReference; explicitFileType = wrapper.cfbundle; includeInIndex = 0; path = CommutrTests.xctest; sourceTree = BUILT_PRODUCTS_DIR; };
		DC12AFC91EB549B900DC60B6 /* CommutrTests.swift */ = {isa = PBXFileReference; lastKnownFileType = sourcecode.swift; path = CommutrTests.swift; sourceTree = "<group>"; };
		DC12AFCB1EB549B900DC60B6 /* Info.plist */ = {isa = PBXFileReference; lastKnownFileType = text.plist.xml; path = Info.plist; sourceTree = "<group>"; };
		DC12AFD01EB549B900DC60B6 /* CommutrUITests.xctest */ = {isa = PBXFileReference; explicitFileType = wrapper.cfbundle; includeInIndex = 0; path = CommutrUITests.xctest; sourceTree = BUILT_PRODUCTS_DIR; };
		DC12AFD41EB549B900DC60B6 /* CommutrUITests.swift */ = {isa = PBXFileReference; lastKnownFileType = sourcecode.swift; path = CommutrUITests.swift; sourceTree = "<group>"; };
		DC12AFD61EB549B900DC60B6 /* Info.plist */ = {isa = PBXFileReference; lastKnownFileType = text.plist.xml; path = Info.plist; sourceTree = "<group>"; };
		DC12AFE41EB5590500DC60B6 /* CommutrResources.swift */ = {isa = PBXFileReference; fileEncoding = 4; lastKnownFileType = sourcecode.swift; path = CommutrResources.swift; sourceTree = "<group>"; };
		DC12AFE61EB5728C00DC60B6 /* AddViewController.swift */ = {isa = PBXFileReference; fileEncoding = 4; lastKnownFileType = sourcecode.swift; path = AddViewController.swift; sourceTree = "<group>"; };
		DC12AFE81EB644A000DC60B6 /* PickTimeSubView.xib */ = {isa = PBXFileReference; fileEncoding = 4; lastKnownFileType = file.xib; path = PickTimeSubView.xib; sourceTree = "<group>"; };
		DC12AFEA1EB644DF00DC60B6 /* PickTimeSubView.swift */ = {isa = PBXFileReference; fileEncoding = 4; lastKnownFileType = sourcecode.swift; path = PickTimeSubView.swift; sourceTree = "<group>"; };
		DC12AFED1EB66FD300DC60B6 /* Extensions.swift */ = {isa = PBXFileReference; fileEncoding = 4; lastKnownFileType = sourcecode.swift; path = Extensions.swift; sourceTree = "<group>"; };
		DC12AFF31EB6A9F800DC60B6 /* MapSubView.xib */ = {isa = PBXFileReference; fileEncoding = 4; lastKnownFileType = file.xib; path = MapSubView.xib; sourceTree = "<group>"; };
		DC12AFF51EB6AA1100DC60B6 /* MapSubView.swift */ = {isa = PBXFileReference; fileEncoding = 4; lastKnownFileType = sourcecode.swift; path = MapSubView.swift; sourceTree = "<group>"; };
		DC12AFF81EB6B25000DC60B6 /* MapKit.framework */ = {isa = PBXFileReference; lastKnownFileType = wrapper.framework; name = MapKit.framework; path = System/Library/Frameworks/MapKit.framework; sourceTree = SDKROOT; };
		DC12AFFA1EB6B40100DC60B6 /* MapDirectionsController.swift */ = {isa = PBXFileReference; fileEncoding = 4; lastKnownFileType = sourcecode.swift; path = MapDirectionsController.swift; sourceTree = "<group>"; };
/* End PBXFileReference section */

/* Begin PBXFrameworksBuildPhase section */
		DC12AFAC1EB549B900DC60B6 /* Frameworks */ = {
			isa = PBXFrameworksBuildPhase;
			buildActionMask = 2147483647;
			files = (
				DC12AFF91EB6B25000DC60B6 /* MapKit.framework in Frameworks */,
			);
			runOnlyForDeploymentPostprocessing = 0;
		};
		DC12AFC21EB549B900DC60B6 /* Frameworks */ = {
			isa = PBXFrameworksBuildPhase;
			buildActionMask = 2147483647;
			files = (
			);
			runOnlyForDeploymentPostprocessing = 0;
		};
		DC12AFCD1EB549B900DC60B6 /* Frameworks */ = {
			isa = PBXFrameworksBuildPhase;
			buildActionMask = 2147483647;
			files = (
			);
			runOnlyForDeploymentPostprocessing = 0;
		};
/* End PBXFrameworksBuildPhase section */

/* Begin PBXGroup section */
		DC12AFA61EB549B900DC60B6 = {
			isa = PBXGroup;
			children = (
				DC12AFB11EB549B900DC60B6 /* Commutr */,
				DC12AFC81EB549B900DC60B6 /* CommutrTests */,
				DC12AFD31EB549B900DC60B6 /* CommutrUITests */,
				DC12AFB01EB549B900DC60B6 /* Products */,
				DC12AFF71EB6B25000DC60B6 /* Frameworks */,
			);
			sourceTree = "<group>";
		};
		DC12AFB01EB549B900DC60B6 /* Products */ = {
			isa = PBXGroup;
			children = (
				DC12AFAF1EB549B900DC60B6 /* Commutr.app */,
				DC12AFC51EB549B900DC60B6 /* CommutrTests.xctest */,
				DC12AFD01EB549B900DC60B6 /* CommutrUITests.xctest */,
			);
			name = Products;
			sourceTree = "<group>";
		};
		DC12AFB11EB549B900DC60B6 /* Commutr */ = {
			isa = PBXGroup;
			children = (
				DC12AFB21EB549B900DC60B6 /* AppDelegate.swift */,
				DC12AFB41EB549B900DC60B6 /* FirstViewController.swift */,
				DC12AFB61EB549B900DC60B6 /* SecondViewController.swift */,
				DC12AFB81EB549B900DC60B6 /* Main.storyboard */,
				DC12AFBB1EB549B900DC60B6 /* Assets.xcassets */,
				DC12AFBD1EB549B900DC60B6 /* LaunchScreen.storyboard */,
				DC12AFC01EB549B900DC60B6 /* Info.plist */,
				DC12AFED1EB66FD300DC60B6 /* Extensions.swift */,
				DC12AFE41EB5590500DC60B6 /* CommutrResources.swift */,
				DC12AFE61EB5728C00DC60B6 /* AddViewController.swift */,
				DC12AFEC1EB6559500DC60B6 /* Subviews */,
			);
			path = Commutr;
			sourceTree = "<group>";
		};
		DC12AFC81EB549B900DC60B6 /* CommutrTests */ = {
			isa = PBXGroup;
			children = (
				DC12AFC91EB549B900DC60B6 /* CommutrTests.swift */,
				DC12AFCB1EB549B900DC60B6 /* Info.plist */,
			);
			path = CommutrTests;
			sourceTree = "<group>";
		};
		DC12AFD31EB549B900DC60B6 /* CommutrUITests */ = {
			isa = PBXGroup;
			children = (
				DC12AFD41EB549B900DC60B6 /* CommutrUITests.swift */,
				DC12AFD61EB549B900DC60B6 /* Info.plist */,
			);
			path = CommutrUITests;
			sourceTree = "<group>";
		};
		DC12AFEC1EB6559500DC60B6 /* Subviews */ = {
			isa = PBXGroup;
			children = (
				DC12AFE81EB644A000DC60B6 /* PickTimeSubView.xib */,
				DC12AFEA1EB644DF00DC60B6 /* PickTimeSubView.swift */,
				DC12AFF31EB6A9F800DC60B6 /* MapSubView.xib */,
				DC12AFF51EB6AA1100DC60B6 /* MapSubView.swift */,
				DC12AFFA1EB6B40100DC60B6 /* MapDirectionsController.swift */,
			);
			name = Subviews;
			sourceTree = "<group>";
		};
		DC12AFF71EB6B25000DC60B6 /* Frameworks */ = {
			isa = PBXGroup;
			children = (
				DC12AFF81EB6B25000DC60B6 /* MapKit.framework */,
			);
			name = Frameworks;
			sourceTree = "<group>";
		};
/* End PBXGroup section */

/* Begin PBXNativeTarget section */
		DC12AFAE1EB549B900DC60B6 /* Commutr */ = {
			isa = PBXNativeTarget;
			buildConfigurationList = DC12AFD91EB549B900DC60B6 /* Build configuration list for PBXNativeTarget "Commutr" */;
			buildPhases = (
				DC12AFAB1EB549B900DC60B6 /* Sources */,
				DC12AFAC1EB549B900DC60B6 /* Frameworks */,
				DC12AFAD1EB549B900DC60B6 /* Resources */,
			);
			buildRules = (
			);
			dependencies = (
			);
			name = Commutr;
			productName = Commutr;
			productReference = DC12AFAF1EB549B900DC60B6 /* Commutr.app */;
			productType = "com.apple.product-type.application";
		};
		DC12AFC41EB549B900DC60B6 /* CommutrTests */ = {
			isa = PBXNativeTarget;
			buildConfigurationList = DC12AFDC1EB549B900DC60B6 /* Build configuration list for PBXNativeTarget "CommutrTests" */;
			buildPhases = (
				DC12AFC11EB549B900DC60B6 /* Sources */,
				DC12AFC21EB549B900DC60B6 /* Frameworks */,
				DC12AFC31EB549B900DC60B6 /* Resources */,
			);
			buildRules = (
			);
			dependencies = (
				DC12AFC71EB549B900DC60B6 /* PBXTargetDependency */,
			);
			name = CommutrTests;
			productName = CommutrTests;
			productReference = DC12AFC51EB549B900DC60B6 /* CommutrTests.xctest */;
			productType = "com.apple.product-type.bundle.unit-test";
		};
		DC12AFCF1EB549B900DC60B6 /* CommutrUITests */ = {
			isa = PBXNativeTarget;
			buildConfigurationList = DC12AFDF1EB549B900DC60B6 /* Build configuration list for PBXNativeTarget "CommutrUITests" */;
			buildPhases = (
				DC12AFCC1EB549B900DC60B6 /* Sources */,
				DC12AFCD1EB549B900DC60B6 /* Frameworks */,
				DC12AFCE1EB549B900DC60B6 /* Resources */,
			);
			buildRules = (
			);
			dependencies = (
				DC12AFD21EB549B900DC60B6 /* PBXTargetDependency */,
			);
			name = CommutrUITests;
			productName = CommutrUITests;
			productReference = DC12AFD01EB549B900DC60B6 /* CommutrUITests.xctest */;
			productType = "com.apple.product-type.bundle.ui-testing";
		};
/* End PBXNativeTarget section */

/* Begin PBXProject section */
		DC12AFA71EB549B900DC60B6 /* Project object */ = {
			isa = PBXProject;
			attributes = {
				LastSwiftUpdateCheck = 0830;
				LastUpgradeCheck = 0830;
				ORGANIZATIONNAME = "New York University";
				TargetAttributes = {
					DC12AFAE1EB549B900DC60B6 = {
						CreatedOnToolsVersion = 8.3.2;
						DevelopmentTeam = YACVP9VA6Q;
						ProvisioningStyle = Automatic;
						SystemCapabilities = {
							com.apple.Maps.iOS = {
								enabled = 1;
							};
						};
					};
					DC12AFC41EB549B900DC60B6 = {
						CreatedOnToolsVersion = 8.3.2;
						ProvisioningStyle = Automatic;
						TestTargetID = DC12AFAE1EB549B900DC60B6;
					};
					DC12AFCF1EB549B900DC60B6 = {
						CreatedOnToolsVersion = 8.3.2;
						ProvisioningStyle = Automatic;
						TestTargetID = DC12AFAE1EB549B900DC60B6;
					};
				};
			};
			buildConfigurationList = DC12AFAA1EB549B900DC60B6 /* Build configuration list for PBXProject "Commutr" */;
			compatibilityVersion = "Xcode 3.2";
			developmentRegion = English;
			hasScannedForEncodings = 0;
			knownRegions = (
				en,
				Base,
			);
			mainGroup = DC12AFA61EB549B900DC60B6;
			productRefGroup = DC12AFB01EB549B900DC60B6 /* Products */;
			projectDirPath = "";
			projectRoot = "";
			targets = (
				DC12AFAE1EB549B900DC60B6 /* Commutr */,
				DC12AFC41EB549B900DC60B6 /* CommutrTests */,
				DC12AFCF1EB549B900DC60B6 /* CommutrUITests */,
			);
		};
/* End PBXProject section */

/* Begin PBXResourcesBuildPhase section */
		DC12AFAD1EB549B900DC60B6 /* Resources */ = {
			isa = PBXResourcesBuildPhase;
			buildActionMask = 2147483647;
			files = (
				DC12AFF41EB6A9F800DC60B6 /* MapSubView.xib in Resources */,
				DC12AFBF1EB549B900DC60B6 /* LaunchScreen.storyboard in Resources */,
				DC12AFBC1EB549B900DC60B6 /* Assets.xcassets in Resources */,
				DC12AFBA1EB549B900DC60B6 /* Main.storyboard in Resources */,
				DC12AFE91EB644A000DC60B6 /* PickTimeSubView.xib in Resources */,
			);
			runOnlyForDeploymentPostprocessing = 0;
		};
		DC12AFC31EB549B900DC60B6 /* Resources */ = {
			isa = PBXResourcesBuildPhase;
			buildActionMask = 2147483647;
			files = (
			);
			runOnlyForDeploymentPostprocessing = 0;
		};
		DC12AFCE1EB549B900DC60B6 /* Resources */ = {
			isa = PBXResourcesBuildPhase;
			buildActionMask = 2147483647;
			files = (
			);
			runOnlyForDeploymentPostprocessing = 0;
		};
/* End PBXResourcesBuildPhase section */

/* Begin PBXSourcesBuildPhase section */
		DC12AFAB1EB549B900DC60B6 /* Sources */ = {
			isa = PBXSourcesBuildPhase;
			buildActionMask = 2147483647;
			files = (
				DC12AFE71EB5728C00DC60B6 /* AddViewController.swift in Sources */,
				DC12AFEB1EB644DF00DC60B6 /* PickTimeSubView.swift in Sources */,
				DC12AFB71EB549B900DC60B6 /* SecondViewController.swift in Sources */,
				DC12AFB31EB549B900DC60B6 /* AppDelegate.swift in Sources */,
				DC12AFB51EB549B900DC60B6 /* FirstViewController.swift in Sources */,
				DC12AFE51EB5590500DC60B6 /* CommutrResources.swift in Sources */,
				DC12AFF61EB6AA1100DC60B6 /* MapSubView.swift in Sources */,
				DC12AFEE1EB66FD300DC60B6 /* Extensions.swift in Sources */,
				DC12AFFB1EB6B40100DC60B6 /* MapDirectionsController.swift in Sources */,
			);
			runOnlyForDeploymentPostprocessing = 0;
		};
		DC12AFC11EB549B900DC60B6 /* Sources */ = {
			isa = PBXSourcesBuildPhase;
			buildActionMask = 2147483647;
			files = (
				DC12AFCA1EB549B900DC60B6 /* CommutrTests.swift in Sources */,
			);
			runOnlyForDeploymentPostprocessing = 0;
		};
		DC12AFCC1EB549B900DC60B6 /* Sources */ = {
			isa = PBXSourcesBuildPhase;
			buildActionMask = 2147483647;
			files = (
				DC12AFD51EB549B900DC60B6 /* CommutrUITests.swift in Sources */,
			);
			runOnlyForDeploymentPostprocessing = 0;
		};
/* End PBXSourcesBuildPhase section */

/* Begin PBXTargetDependency section */
		DC12AFC71EB549B900DC60B6 /* PBXTargetDependency */ = {
			isa = PBXTargetDependency;
			target = DC12AFAE1EB549B900DC60B6 /* Commutr */;
			targetProxy = DC12AFC61EB549B900DC60B6 /* PBXContainerItemProxy */;
		};
		DC12AFD21EB549B900DC60B6 /* PBXTargetDependency */ = {
			isa = PBXTargetDependency;
			target = DC12AFAE1EB549B900DC60B6 /* Commutr */;
			targetProxy = DC12AFD11EB549B900DC60B6 /* PBXContainerItemProxy */;
		};
/* End PBXTargetDependency section */

/* Begin PBXVariantGroup section */
		DC12AFB81EB549B900DC60B6 /* Main.storyboard */ = {
			isa = PBXVariantGroup;
			children = (
				DC12AFB91EB549B900DC60B6 /* Base */,
			);
			name = Main.storyboard;
			sourceTree = "<group>";
		};
		DC12AFBD1EB549B900DC60B6 /* LaunchScreen.storyboard */ = {
			isa = PBXVariantGroup;
			children = (
				DC12AFBE1EB549B900DC60B6 /* Base */,
			);
			name = LaunchScreen.storyboard;
			sourceTree = "<group>";
		};
/* End PBXVariantGroup section */

/* Begin XCBuildConfiguration section */
		DC12AFD71EB549B900DC60B6 /* Debug */ = {
			isa = XCBuildConfiguration;
			buildSettings = {
				ALWAYS_SEARCH_USER_PATHS = NO;
				CLANG_ANALYZER_NONNULL = YES;
				CLANG_ANALYZER_NUMBER_OBJECT_CONVERSION = YES_AGGRESSIVE;
				CLANG_CXX_LANGUAGE_STANDARD = "gnu++0x";
				CLANG_CXX_LIBRARY = "libc++";
				CLANG_ENABLE_MODULES = YES;
				CLANG_ENABLE_OBJC_ARC = YES;
				CLANG_WARN_BOOL_CONVERSION = YES;
				CLANG_WARN_CONSTANT_CONVERSION = YES;
				CLANG_WARN_DIRECT_OBJC_ISA_USAGE = YES_ERROR;
				CLANG_WARN_DOCUMENTATION_COMMENTS = YES;
				CLANG_WARN_EMPTY_BODY = YES;
				CLANG_WARN_ENUM_CONVERSION = YES;
				CLANG_WARN_INFINITE_RECURSION = YES;
				CLANG_WARN_INT_CONVERSION = YES;
				CLANG_WARN_OBJC_ROOT_CLASS = YES_ERROR;
				CLANG_WARN_SUSPICIOUS_MOVE = YES;
				CLANG_WARN_UNREACHABLE_CODE = YES;
				CLANG_WARN__DUPLICATE_METHOD_MATCH = YES;
				"CODE_SIGN_IDENTITY[sdk=iphoneos*]" = "iPhone Developer";
				COPY_PHASE_STRIP = NO;
				DEBUG_INFORMATION_FORMAT = dwarf;
				ENABLE_STRICT_OBJC_MSGSEND = YES;
				ENABLE_TESTABILITY = YES;
				GCC_C_LANGUAGE_STANDARD = gnu99;
				GCC_DYNAMIC_NO_PIC = NO;
				GCC_NO_COMMON_BLOCKS = YES;
				GCC_OPTIMIZATION_LEVEL = 0;
				GCC_PREPROCESSOR_DEFINITIONS = (
					"DEBUG=1",
					"$(inherited)",
				);
				GCC_WARN_64_TO_32_BIT_CONVERSION = YES;
				GCC_WARN_ABOUT_RETURN_TYPE = YES_ERROR;
				GCC_WARN_UNDECLARED_SELECTOR = YES;
				GCC_WARN_UNINITIALIZED_AUTOS = YES_AGGRESSIVE;
				GCC_WARN_UNUSED_FUNCTION = YES;
				GCC_WARN_UNUSED_VARIABLE = YES;
				IPHONEOS_DEPLOYMENT_TARGET = 10.3;
				MTL_ENABLE_DEBUG_INFO = YES;
				ONLY_ACTIVE_ARCH = YES;
				SDKROOT = iphoneos;
				SWIFT_ACTIVE_COMPILATION_CONDITIONS = DEBUG;
				SWIFT_OPTIMIZATION_LEVEL = "-Onone";
				TARGETED_DEVICE_FAMILY = "1,2";
			};
			name = Debug;
		};
		DC12AFD81EB549B900DC60B6 /* Release */ = {
			isa = XCBuildConfiguration;
			buildSettings = {
				ALWAYS_SEARCH_USER_PATHS = NO;
				CLANG_ANALYZER_NONNULL = YES;
				CLANG_ANALYZER_NUMBER_OBJECT_CONVERSION = YES_AGGRESSIVE;
				CLANG_CXX_LANGUAGE_STANDARD = "gnu++0x";
				CLANG_CXX_LIBRARY = "libc++";
				CLANG_ENABLE_MODULES = YES;
				CLANG_ENABLE_OBJC_ARC = YES;
				CLANG_WARN_BOOL_CONVERSION = YES;
				CLANG_WARN_CONSTANT_CONVERSION = YES;
				CLANG_WARN_DIRECT_OBJC_ISA_USAGE = YES_ERROR;
				CLANG_WARN_DOCUMENTATION_COMMENTS = YES;
				CLANG_WARN_EMPTY_BODY = YES;
				CLANG_WARN_ENUM_CONVERSION = YES;
				CLANG_WARN_INFINITE_RECURSION = YES;
				CLANG_WARN_INT_CONVERSION = YES;
				CLANG_WARN_OBJC_ROOT_CLASS = YES_ERROR;
				CLANG_WARN_SUSPICIOUS_MOVE = YES;
				CLANG_WARN_UNREACHABLE_CODE = YES;
				CLANG_WARN__DUPLICATE_METHOD_MATCH = YES;
				"CODE_SIGN_IDENTITY[sdk=iphoneos*]" = "iPhone Developer";
				COPY_PHASE_STRIP = NO;
				DEBUG_INFORMATION_FORMAT = "dwarf-with-dsym";
				ENABLE_NS_ASSERTIONS = NO;
				ENABLE_STRICT_OBJC_MSGSEND = YES;
				GCC_C_LANGUAGE_STANDARD = gnu99;
				GCC_NO_COMMON_BLOCKS = YES;
				GCC_WARN_64_TO_32_BIT_CONVERSION = YES;
				GCC_WARN_ABOUT_RETURN_TYPE = YES_ERROR;
				GCC_WARN_UNDECLARED_SELECTOR = YES;
				GCC_WARN_UNINITIALIZED_AUTOS = YES_AGGRESSIVE;
				GCC_WARN_UNUSED_FUNCTION = YES;
				GCC_WARN_UNUSED_VARIABLE = YES;
				IPHONEOS_DEPLOYMENT_TARGET = 10.3;
				MTL_ENABLE_DEBUG_INFO = NO;
				SDKROOT = iphoneos;
				SWIFT_OPTIMIZATION_LEVEL = "-Owholemodule";
				TARGETED_DEVICE_FAMILY = "1,2";
				VALIDATE_PRODUCT = YES;
			};
			name = Release;
		};
		DC12AFDA1EB549B900DC60B6 /* Debug */ = {
			isa = XCBuildConfiguration;
			buildSettings = {
				ASSETCATALOG_COMPILER_APPICON_NAME = AppIcon;
				DEVELOPMENT_TEAM = YACVP9VA6Q;
				INFOPLIST_FILE = Commutr/Info.plist;
				IPHONEOS_DEPLOYMENT_TARGET = 10.0;
				LD_RUNPATH_SEARCH_PATHS = "$(inherited) @executable_path/Frameworks";
				PRODUCT_BUNDLE_IDENTIFIER = "com.ig-gy.istreuly.Commutr";
				PRODUCT_NAME = "$(TARGET_NAME)";
				SWIFT_VERSION = 3.0;
			};
			name = Debug;
		};
		DC12AFDB1EB549B900DC60B6 /* Release */ = {
			isa = XCBuildConfiguration;
			buildSettings = {
				ASSETCATALOG_COMPILER_APPICON_NAME = AppIcon;
				DEVELOPMENT_TEAM = YACVP9VA6Q;
				INFOPLIST_FILE = Commutr/Info.plist;
				IPHONEOS_DEPLOYMENT_TARGET = 10.0;
				LD_RUNPATH_SEARCH_PATHS = "$(inherited) @executable_path/Frameworks";
				PRODUCT_BUNDLE_IDENTIFIER = "com.ig-gy.istreuly.Commutr";
				PRODUCT_NAME = "$(TARGET_NAME)";
				SWIFT_VERSION = 3.0;
			};
			name = Release;
		};
		DC12AFDD1EB549B900DC60B6 /* Debug */ = {
			isa = XCBuildConfiguration;
			buildSettings = {
				ALWAYS_EMBED_SWIFT_STANDARD_LIBRARIES = YES;
				BUNDLE_LOADER = "$(TEST_HOST)";
				INFOPLIST_FILE = CommutrTests/Info.plist;
				LD_RUNPATH_SEARCH_PATHS = "$(inherited) @executable_path/Frameworks @loader_path/Frameworks";
				PRODUCT_BUNDLE_IDENTIFIER = "com.ig-gy.istreuly.CommutrTests";
				PRODUCT_NAME = "$(TARGET_NAME)";
				SWIFT_VERSION = 3.0;
				TEST_HOST = "$(BUILT_PRODUCTS_DIR)/Commutr.app/Commutr";
			};
			name = Debug;
		};
		DC12AFDE1EB549B900DC60B6 /* Release */ = {
			isa = XCBuildConfiguration;
			buildSettings = {
				ALWAYS_EMBED_SWIFT_STANDARD_LIBRARIES = YES;
				BUNDLE_LOADER = "$(TEST_HOST)";
				INFOPLIST_FILE = CommutrTests/Info.plist;
				LD_RUNPATH_SEARCH_PATHS = "$(inherited) @executable_path/Frameworks @loader_path/Frameworks";
				PRODUCT_BUNDLE_IDENTIFIER = "com.ig-gy.istreuly.CommutrTests";
				PRODUCT_NAME = "$(TARGET_NAME)";
				SWIFT_VERSION = 3.0;
				TEST_HOST = "$(BUILT_PRODUCTS_DIR)/Commutr.app/Commutr";
			};
			name = Release;
		};
		DC12AFE01EB549B900DC60B6 /* Debug */ = {
			isa = XCBuildConfiguration;
			buildSettings = {
				ALWAYS_EMBED_SWIFT_STANDARD_LIBRARIES = YES;
				INFOPLIST_FILE = CommutrUITests/Info.plist;
				LD_RUNPATH_SEARCH_PATHS = "$(inherited) @executable_path/Frameworks @loader_path/Frameworks";
				PRODUCT_BUNDLE_IDENTIFIER = "com.ig-gy.istreuly.CommutrUITests";
				PRODUCT_NAME = "$(TARGET_NAME)";
				SWIFT_VERSION = 3.0;
				TEST_TARGET_NAME = Commutr;
			};
			name = Debug;
		};
		DC12AFE11EB549B900DC60B6 /* Release */ = {
			isa = XCBuildConfiguration;
			buildSettings = {
				ALWAYS_EMBED_SWIFT_STANDARD_LIBRARIES = YES;
				INFOPLIST_FILE = CommutrUITests/Info.plist;
				LD_RUNPATH_SEARCH_PATHS = "$(inherited) @executable_path/Frameworks @loader_path/Frameworks";
				PRODUCT_BUNDLE_IDENTIFIER = "com.ig-gy.istreuly.CommutrUITests";
				PRODUCT_NAME = "$(TARGET_NAME)";
				SWIFT_VERSION = 3.0;
				TEST_TARGET_NAME = Commutr;
			};
			name = Release;
		};
/* End XCBuildConfiguration section */

/* Begin XCConfigurationList section */
		DC12AFAA1EB549B900DC60B6 /* Build configuration list for PBXProject "Commutr" */ = {
			isa = XCConfigurationList;
			buildConfigurations = (
				DC12AFD71EB549B900DC60B6 /* Debug */,
				DC12AFD81EB549B900DC60B6 /* Release */,
			);
			defaultConfigurationIsVisible = 0;
			defaultConfigurationName = Release;
		};
		DC12AFD91EB549B900DC60B6 /* Build configuration list for PBXNativeTarget "Commutr" */ = {
			isa = XCConfigurationList;
			buildConfigurations = (
				DC12AFDA1EB549B900DC60B6 /* Debug */,
				DC12AFDB1EB549B900DC60B6 /* Release */,
			);
			defaultConfigurationIsVisible = 0;
		};
		DC12AFDC1EB549B900DC60B6 /* Build configuration list for PBXNativeTarget "CommutrTests" */ = {
			isa = XCConfigurationList;
			buildConfigurations = (
				DC12AFDD1EB549B900DC60B6 /* Debug */,
				DC12AFDE1EB549B900DC60B6 /* Release */,
			);
			defaultConfigurationIsVisible = 0;
		};
		DC12AFDF1EB549B900DC60B6 /* Build configuration list for PBXNativeTarget "CommutrUITests" */ = {
			isa = XCConfigurationList;
			buildConfigurations = (
				DC12AFE01EB549B900DC60B6 /* Debug */,
				DC12AFE11EB549B900DC60B6 /* Release */,
			);
			defaultConfigurationIsVisible = 0;
		};
/* End XCConfigurationList section */
	};
	rootObject = DC12AFA71EB549B900DC60B6 /* Project object */;
}
